// !$*UTF8*$!
{
	archiveVersion = 1;
	classes = {
	};
	objectVersion = 50;
	objects = {

/* Begin PBXBuildFile section */
		9BFD76132556623B0001D1C0 /* todosApp.swift in Sources */ = {isa = PBXBuildFile; fileRef = 9BFD76122556623B0001D1C0 /* todosApp.swift */; };
		9BFD76152556623B0001D1C0 /* ContentView.swift in Sources */ = {isa = PBXBuildFile; fileRef = 9BFD76142556623B0001D1C0 /* ContentView.swift */; };
		9BFD76172556623C0001D1C0 /* Assets.xcassets in Resources */ = {isa = PBXBuildFile; fileRef = 9BFD76162556623C0001D1C0 /* Assets.xcassets */; };
		9BFD761A2556623C0001D1C0 /* Preview Assets.xcassets in Resources */ = {isa = PBXBuildFile; fileRef = 9BFD76192556623C0001D1C0 /* Preview Assets.xcassets */; };
		9BFD76252556623D0001D1C0 /* todosTests.swift in Sources */ = {isa = PBXBuildFile; fileRef = 9BFD76242556623D0001D1C0 /* todosTests.swift */; };
		9BFD76302556623D0001D1C0 /* todosUITests.swift in Sources */ = {isa = PBXBuildFile; fileRef = 9BFD762F2556623D0001D1C0 /* todosUITests.swift */; };
/* End PBXBuildFile section */

/* Begin PBXContainerItemProxy section */
		9BFD76212556623D0001D1C0 /* PBXContainerItemProxy */ = {
			isa = PBXContainerItemProxy;
			containerPortal = 9BFD76072556623B0001D1C0 /* Project object */;
			proxyType = 1;
			remoteGlobalIDString = 9BFD760E2556623B0001D1C0;
			remoteInfo = todos;
		};
		9BFD762C2556623D0001D1C0 /* PBXContainerItemProxy */ = {
			isa = PBXContainerItemProxy;
			containerPortal = 9BFD76072556623B0001D1C0 /* Project object */;
			proxyType = 1;
			remoteGlobalIDString = 9BFD760E2556623B0001D1C0;
			remoteInfo = todos;
		};
/* End PBXContainerItemProxy section */

/* Begin PBXFileReference section */
		9BFD760F2556623B0001D1C0 /* todos.app */ = {isa = PBXFileReference; explicitFileType = wrapper.application; includeInIndex = 0; path = todos.app; sourceTree = BUILT_PRODUCTS_DIR; };
		9BFD76122556623B0001D1C0 /* todosApp.swift */ = {isa = PBXFileReference; lastKnownFileType = sourcecode.swift; path = todosApp.swift; sourceTree = "<group>"; };
		9BFD76142556623B0001D1C0 /* ContentView.swift */ = {isa = PBXFileReference; lastKnownFileType = sourcecode.swift; path = ContentView.swift; sourceTree = "<group>"; };
		9BFD76162556623C0001D1C0 /* Assets.xcassets */ = {isa = PBXFileReference; lastKnownFileType = folder.assetcatalog; path = Assets.xcassets; sourceTree = "<group>"; };
		9BFD76192556623C0001D1C0 /* Preview Assets.xcassets */ = {isa = PBXFileReference; lastKnownFileType = folder.assetcatalog; path = "Preview Assets.xcassets"; sourceTree = "<group>"; };
		9BFD761B2556623C0001D1C0 /* Info.plist */ = {isa = PBXFileReference; lastKnownFileType = text.plist.xml; path = Info.plist; sourceTree = "<group>"; };
		9BFD76202556623D0001D1C0 /* todosTests.xctest */ = {isa = PBXFileReference; explicitFileType = wrapper.cfbundle; includeInIndex = 0; path = todosTests.xctest; sourceTree = BUILT_PRODUCTS_DIR; };
		9BFD76242556623D0001D1C0 /* todosTests.swift */ = {isa = PBXFileReference; lastKnownFileType = sourcecode.swift; path = todosTests.swift; sourceTree = "<group>"; };
		9BFD76262556623D0001D1C0 /* Info.plist */ = {isa = PBXFileReference; lastKnownFileType = text.plist.xml; path = Info.plist; sourceTree = "<group>"; };
		9BFD762B2556623D0001D1C0 /* todosUITests.xctest */ = {isa = PBXFileReference; explicitFileType = wrapper.cfbundle; includeInIndex = 0; path = todosUITests.xctest; sourceTree = BUILT_PRODUCTS_DIR; };
		9BFD762F2556623D0001D1C0 /* todosUITests.swift */ = {isa = PBXFileReference; lastKnownFileType = sourcecode.swift; path = todosUITests.swift; sourceTree = "<group>"; };
		9BFD76312556623D0001D1C0 /* Info.plist */ = {isa = PBXFileReference; lastKnownFileType = text.plist.xml; path = Info.plist; sourceTree = "<group>"; };
/* End PBXFileReference section */

/* Begin PBXFrameworksBuildPhase section */
		9BFD760C2556623B0001D1C0 /* Frameworks */ = {
			isa = PBXFrameworksBuildPhase;
			buildActionMask = 2147483647;
			files = (
			);
			runOnlyForDeploymentPostprocessing = 0;
		};
		9BFD761D2556623D0001D1C0 /* Frameworks */ = {
			isa = PBXFrameworksBuildPhase;
			buildActionMask = 2147483647;
			files = (
			);
			runOnlyForDeploymentPostprocessing = 0;
		};
		9BFD76282556623D0001D1C0 /* Frameworks */ = {
			isa = PBXFrameworksBuildPhase;
			buildActionMask = 2147483647;
			files = (
			);
			runOnlyForDeploymentPostprocessing = 0;
		};
/* End PBXFrameworksBuildPhase section */

/* Begin PBXGroup section */
		9BFD76062556623B0001D1C0 = {
			isa = PBXGroup;
			children = (
				9BFD76112556623B0001D1C0 /* todos */,
				9BFD76232556623D0001D1C0 /* todosTests */,
				9BFD762E2556623D0001D1C0 /* todosUITests */,
				9BFD76102556623B0001D1C0 /* Products */,
			);
			sourceTree = "<group>";
		};
		9BFD76102556623B0001D1C0 /* Products */ = {
			isa = PBXGroup;
			children = (
				9BFD760F2556623B0001D1C0 /* todos.app */,
				9BFD76202556623D0001D1C0 /* todosTests.xctest */,
				9BFD762B2556623D0001D1C0 /* todosUITests.xctest */,
			);
			name = Products;
			sourceTree = "<group>";
		};
		9BFD76112556623B0001D1C0 /* todos */ = {
			isa = PBXGroup;
			children = (
				9BFD76122556623B0001D1C0 /* todosApp.swift */,
				9BFD76142556623B0001D1C0 /* ContentView.swift */,
				9BFD76162556623C0001D1C0 /* Assets.xcassets */,
				9BFD761B2556623C0001D1C0 /* Info.plist */,
				9BFD76182556623C0001D1C0 /* Preview Content */,
			);
			path = todos;
			sourceTree = "<group>";
		};
		9BFD76182556623C0001D1C0 /* Preview Content */ = {
			isa = PBXGroup;
			children = (
				9BFD76192556623C0001D1C0 /* Preview Assets.xcassets */,
			);
			path = "Preview Content";
			sourceTree = "<group>";
		};
		9BFD76232556623D0001D1C0 /* todosTests */ = {
			isa = PBXGroup;
			children = (
				9BFD76242556623D0001D1C0 /* todosTests.swift */,
				9BFD76262556623D0001D1C0 /* Info.plist */,
			);
			path = todosTests;
			sourceTree = "<group>";
		};
		9BFD762E2556623D0001D1C0 /* todosUITests */ = {
			isa = PBXGroup;
			children = (
				9BFD762F2556623D0001D1C0 /* todosUITests.swift */,
				9BFD76312556623D0001D1C0 /* Info.plist */,
			);
			path = todosUITests;
			sourceTree = "<group>";
		};
/* End PBXGroup section */

/* Begin PBXNativeTarget section */
		9BFD760E2556623B0001D1C0 /* todos */ = {
			isa = PBXNativeTarget;
			buildConfigurationList = 9BFD76342556623D0001D1C0 /* Build configuration list for PBXNativeTarget "todos" */;
			buildPhases = (
				9BFD760B2556623B0001D1C0 /* Sources */,
				9BFD760C2556623B0001D1C0 /* Frameworks */,
				9BFD760D2556623B0001D1C0 /* Resources */,
			);
			buildRules = (
			);
			dependencies = (
			);
			name = todos;
			productName = todos;
			productReference = 9BFD760F2556623B0001D1C0 /* todos.app */;
			productType = "com.apple.product-type.application";
		};
		9BFD761F2556623D0001D1C0 /* todosTests */ = {
			isa = PBXNativeTarget;
			buildConfigurationList = 9BFD76372556623D0001D1C0 /* Build configuration list for PBXNativeTarget "todosTests" */;
			buildPhases = (
				9BFD761C2556623D0001D1C0 /* Sources */,
				9BFD761D2556623D0001D1C0 /* Frameworks */,
				9BFD761E2556623D0001D1C0 /* Resources */,
			);
			buildRules = (
			);
			dependencies = (
				9BFD76222556623D0001D1C0 /* PBXTargetDependency */,
			);
			name = todosTests;
			productName = todosTests;
			productReference = 9BFD76202556623D0001D1C0 /* todosTests.xctest */;
			productType = "com.apple.product-type.bundle.unit-test";
		};
		9BFD762A2556623D0001D1C0 /* todosUITests */ = {
			isa = PBXNativeTarget;
			buildConfigurationList = 9BFD763A2556623D0001D1C0 /* Build configuration list for PBXNativeTarget "todosUITests" */;
			buildPhases = (
				9BFD76272556623D0001D1C0 /* Sources */,
				9BFD76282556623D0001D1C0 /* Frameworks */,
				9BFD76292556623D0001D1C0 /* Resources */,
			);
			buildRules = (
			);
			dependencies = (
				9BFD762D2556623D0001D1C0 /* PBXTargetDependency */,
			);
			name = todosUITests;
			productName = todosUITests;
			productReference = 9BFD762B2556623D0001D1C0 /* todosUITests.xctest */;
			productType = "com.apple.product-type.bundle.ui-testing";
		};
/* End PBXNativeTarget section */

/* Begin PBXProject section */
		9BFD76072556623B0001D1C0 /* Project object */ = {
			isa = PBXProject;
			attributes = {
				LastSwiftUpdateCheck = 1210;
				LastUpgradeCheck = 1210;
				TargetAttributes = {
					9BFD760E2556623B0001D1C0 = {
						CreatedOnToolsVersion = 12.1;
					};
					9BFD761F2556623D0001D1C0 = {
						CreatedOnToolsVersion = 12.1;
						TestTargetID = 9BFD760E2556623B0001D1C0;
					};
					9BFD762A2556623D0001D1C0 = {
						CreatedOnToolsVersion = 12.1;
						TestTargetID = 9BFD760E2556623B0001D1C0;
					};
				};
			};
			buildConfigurationList = 9BFD760A2556623B0001D1C0 /* Build configuration list for PBXProject "todos" */;
			compatibilityVersion = "Xcode 9.3";
			developmentRegion = en;
			hasScannedForEncodings = 0;
			knownRegions = (
				en,
				Base,
			);
			mainGroup = 9BFD76062556623B0001D1C0;
			productRefGroup = 9BFD76102556623B0001D1C0 /* Products */;
			projectDirPath = "";
			projectRoot = "";
			targets = (
				9BFD760E2556623B0001D1C0 /* todos */,
				9BFD761F2556623D0001D1C0 /* todosTests */,
				9BFD762A2556623D0001D1C0 /* todosUITests */,
			);
		};
/* End PBXProject section */

/* Begin PBXResourcesBuildPhase section */
		9BFD760D2556623B0001D1C0 /* Resources */ = {
			isa = PBXResourcesBuildPhase;
			buildActionMask = 2147483647;
			files = (
				9BFD761A2556623C0001D1C0 /* Preview Assets.xcassets in Resources */,
				9BFD76172556623C0001D1C0 /* Assets.xcassets in Resources */,
			);
			runOnlyForDeploymentPostprocessing = 0;
		};
		9BFD761E2556623D0001D1C0 /* Resources */ = {
			isa = PBXResourcesBuildPhase;
			buildActionMask = 2147483647;
			files = (
			);
			runOnlyForDeploymentPostprocessing = 0;
		};
		9BFD76292556623D0001D1C0 /* Resources */ = {
			isa = PBXResourcesBuildPhase;
			buildActionMask = 2147483647;
			files = (
			);
			runOnlyForDeploymentPostprocessing = 0;
		};
/* End PBXResourcesBuildPhase section */

/* Begin PBXSourcesBuildPhase section */
		9BFD760B2556623B0001D1C0 /* Sources */ = {
			isa = PBXSourcesBuildPhase;
			buildActionMask = 2147483647;
			files = (
				9BFD76152556623B0001D1C0 /* ContentView.swift in Sources */,
				9BFD76132556623B0001D1C0 /* todosApp.swift in Sources */,
			);
			runOnlyForDeploymentPostprocessing = 0;
		};
		9BFD761C2556623D0001D1C0 /* Sources */ = {
			isa = PBXSourcesBuildPhase;
			buildActionMask = 2147483647;
			files = (
				9BFD76252556623D0001D1C0 /* todosTests.swift in Sources */,
			);
			runOnlyForDeploymentPostprocessing = 0;
		};
		9BFD76272556623D0001D1C0 /* Sources */ = {
			isa = PBXSourcesBuildPhase;
			buildActionMask = 2147483647;
			files = (
				9BFD76302556623D0001D1C0 /* todosUITests.swift in Sources */,
			);
			runOnlyForDeploymentPostprocessing = 0;
		};
/* End PBXSourcesBuildPhase section */

/* Begin PBXTargetDependency section */
		9BFD76222556623D0001D1C0 /* PBXTargetDependency */ = {
			isa = PBXTargetDependency;
			target = 9BFD760E2556623B0001D1C0 /* todos */;
			targetProxy = 9BFD76212556623D0001D1C0 /* PBXContainerItemProxy */;
		};
		9BFD762D2556623D0001D1C0 /* PBXTargetDependency */ = {
			isa = PBXTargetDependency;
			target = 9BFD760E2556623B0001D1C0 /* todos */;
			targetProxy = 9BFD762C2556623D0001D1C0 /* PBXContainerItemProxy */;
		};
/* End PBXTargetDependency section */

/* Begin XCBuildConfiguration section */
		9BFD76322556623D0001D1C0 /* Debug */ = {
			isa = XCBuildConfiguration;
			buildSettings = {
				ALWAYS_SEARCH_USER_PATHS = NO;
				CLANG_ANALYZER_NONNULL = YES;
				CLANG_ANALYZER_NUMBER_OBJECT_CONVERSION = YES_AGGRESSIVE;
				CLANG_CXX_LANGUAGE_STANDARD = "gnu++14";
				CLANG_CXX_LIBRARY = "libc++";
				CLANG_ENABLE_MODULES = YES;
				CLANG_ENABLE_OBJC_ARC = YES;
				CLANG_ENABLE_OBJC_WEAK = YES;
				CLANG_WARN_BLOCK_CAPTURE_AUTORELEASING = YES;
				CLANG_WARN_BOOL_CONVERSION = YES;
				CLANG_WARN_COMMA = YES;
				CLANG_WARN_CONSTANT_CONVERSION = YES;
				CLANG_WARN_DEPRECATED_OBJC_IMPLEMENTATIONS = YES;
				CLANG_WARN_DIRECT_OBJC_ISA_USAGE = YES_ERROR;
				CLANG_WARN_DOCUMENTATION_COMMENTS = YES;
				CLANG_WARN_EMPTY_BODY = YES;
				CLANG_WARN_ENUM_CONVERSION = YES;
				CLANG_WARN_INFINITE_RECURSION = YES;
				CLANG_WARN_INT_CONVERSION = YES;
				CLANG_WARN_NON_LITERAL_NULL_CONVERSION = YES;
				CLANG_WARN_OBJC_IMPLICIT_RETAIN_SELF = YES;
				CLANG_WARN_OBJC_LITERAL_CONVERSION = YES;
				CLANG_WARN_OBJC_ROOT_CLASS = YES_ERROR;
				CLANG_WARN_QUOTED_INCLUDE_IN_FRAMEWORK_HEADER = YES;
				CLANG_WARN_RANGE_LOOP_ANALYSIS = YES;
				CLANG_WARN_STRICT_PROTOTYPES = YES;
				CLANG_WARN_SUSPICIOUS_MOVE = YES;
				CLANG_WARN_UNGUARDED_AVAILABILITY = YES_AGGRESSIVE;
				CLANG_WARN_UNREACHABLE_CODE = YES;
				CLANG_WARN__DUPLICATE_METHOD_MATCH = YES;
				COPY_PHASE_STRIP = NO;
				DEBUG_INFORMATION_FORMAT = dwarf;
				ENABLE_STRICT_OBJC_MSGSEND = YES;
				ENABLE_TESTABILITY = YES;
				GCC_C_LANGUAGE_STANDARD = gnu11;
				GCC_DYNAMIC_NO_PIC = NO;
				GCC_NO_COMMON_BLOCKS = YES;
				GCC_OPTIMIZATION_LEVEL = 0;
				GCC_PREPROCESSOR_DEFINITIONS = (
					"DEBUG=1",
					"$(inherited)",
				);
				GCC_WARN_64_TO_32_BIT_CONVERSION = YES;
				GCC_WARN_ABOUT_RETURN_TYPE = YES_ERROR;
				GCC_WARN_UNDECLARED_SELECTOR = YES;
				GCC_WARN_UNINITIALIZED_AUTOS = YES_AGGRESSIVE;
				GCC_WARN_UNUSED_FUNCTION = YES;
				GCC_WARN_UNUSED_VARIABLE = YES;
				IPHONEOS_DEPLOYMENT_TARGET = 14.1;
				MTL_ENABLE_DEBUG_INFO = INCLUDE_SOURCE;
				MTL_FAST_MATH = YES;
				ONLY_ACTIVE_ARCH = YES;
				SDKROOT = iphoneos;
				SWIFT_ACTIVE_COMPILATION_CONDITIONS = DEBUG;
				SWIFT_OPTIMIZATION_LEVEL = "-Onone";
			};
			name = Debug;
		};
		9BFD76332556623D0001D1C0 /* Release */ = {
			isa = XCBuildConfiguration;
			buildSettings = {
				ALWAYS_SEARCH_USER_PATHS = NO;
				CLANG_ANALYZER_NONNULL = YES;
				CLANG_ANALYZER_NUMBER_OBJECT_CONVERSION = YES_AGGRESSIVE;
				CLANG_CXX_LANGUAGE_STANDARD = "gnu++14";
				CLANG_CXX_LIBRARY = "libc++";
				CLANG_ENABLE_MODULES = YES;
				CLANG_ENABLE_OBJC_ARC = YES;
				CLANG_ENABLE_OBJC_WEAK = YES;
				CLANG_WARN_BLOCK_CAPTURE_AUTORELEASING = YES;
				CLANG_WARN_BOOL_CONVERSION = YES;
				CLANG_WARN_COMMA = YES;
				CLANG_WARN_CONSTANT_CONVERSION = YES;
				CLANG_WARN_DEPRECATED_OBJC_IMPLEMENTATIONS = YES;
				CLANG_WARN_DIRECT_OBJC_ISA_USAGE = YES_ERROR;
				CLANG_WARN_DOCUMENTATION_COMMENTS = YES;
				CLANG_WARN_EMPTY_BODY = YES;
				CLANG_WARN_ENUM_CONVERSION = YES;
				CLANG_WARN_INFINITE_RECURSION = YES;
				CLANG_WARN_INT_CONVERSION = YES;
				CLANG_WARN_NON_LITERAL_NULL_CONVERSION = YES;
				CLANG_WARN_OBJC_IMPLICIT_RETAIN_SELF = YES;
				CLANG_WARN_OBJC_LITERAL_CONVERSION = YES;
				CLANG_WARN_OBJC_ROOT_CLASS = YES_ERROR;
				CLANG_WARN_QUOTED_INCLUDE_IN_FRAMEWORK_HEADER = YES;
				CLANG_WARN_RANGE_LOOP_ANALYSIS = YES;
				CLANG_WARN_STRICT_PROTOTYPES = YES;
				CLANG_WARN_SUSPICIOUS_MOVE = YES;
				CLANG_WARN_UNGUARDED_AVAILABILITY = YES_AGGRESSIVE;
				CLANG_WARN_UNREACHABLE_CODE = YES;
				CLANG_WARN__DUPLICATE_METHOD_MATCH = YES;
				COPY_PHASE_STRIP = NO;
				DEBUG_INFORMATION_FORMAT = "dwarf-with-dsym";
				ENABLE_NS_ASSERTIONS = NO;
				ENABLE_STRICT_OBJC_MSGSEND = YES;
				GCC_C_LANGUAGE_STANDARD = gnu11;
				GCC_NO_COMMON_BLOCKS = YES;
				GCC_WARN_64_TO_32_BIT_CONVERSION = YES;
				GCC_WARN_ABOUT_RETURN_TYPE = YES_ERROR;
				GCC_WARN_UNDECLARED_SELECTOR = YES;
				GCC_WARN_UNINITIALIZED_AUTOS = YES_AGGRESSIVE;
				GCC_WARN_UNUSED_FUNCTION = YES;
				GCC_WARN_UNUSED_VARIABLE = YES;
				IPHONEOS_DEPLOYMENT_TARGET = 14.1;
				MTL_ENABLE_DEBUG_INFO = NO;
				MTL_FAST_MATH = YES;
				SDKROOT = iphoneos;
				SWIFT_COMPILATION_MODE = wholemodule;
				SWIFT_OPTIMIZATION_LEVEL = "-O";
				VALIDATE_PRODUCT = YES;
			};
			name = Release;
		};
		9BFD76352556623D0001D1C0 /* Debug */ = {
			isa = XCBuildConfiguration;
			buildSettings = {
				ASSETCATALOG_COMPILER_APPICON_NAME = AppIcon;
				ASSETCATALOG_COMPILER_GLOBAL_ACCENT_COLOR_NAME = AccentColor;
				CODE_SIGN_STYLE = Automatic;
				DEVELOPMENT_ASSET_PATHS = "\"todos/Preview Content\"";
				ENABLE_PREVIEWS = YES;
				INFOPLIST_FILE = todos/Info.plist;
				IPHONEOS_DEPLOYMENT_TARGET = 14.0;
				LD_RUNPATH_SEARCH_PATHS = (
					"$(inherited)",
					"@executable_path/Frameworks",
				);
				PRODUCT_BUNDLE_IDENTIFIER = govinddixit.todos;
				PRODUCT_NAME = "$(TARGET_NAME)";
				SWIFT_VERSION = 5.0;
				TARGETED_DEVICE_FAMILY = "1,2";
			};
			name = Debug;
		};
		9BFD76362556623D0001D1C0 /* Release */ = {
			isa = XCBuildConfiguration;
			buildSettings = {
				ASSETCATALOG_COMPILER_APPICON_NAME = AppIcon;
				ASSETCATALOG_COMPILER_GLOBAL_ACCENT_COLOR_NAME = AccentColor;
				CODE_SIGN_STYLE = Automatic;
				DEVELOPMENT_ASSET_PATHS = "\"todos/Preview Content\"";
				ENABLE_PREVIEWS = YES;
				INFOPLIST_FILE = todos/Info.plist;
				IPHONEOS_DEPLOYMENT_TARGET = 14.0;
				LD_RUNPATH_SEARCH_PATHS = (
					"$(inherited)",
					"@executable_path/Frameworks",
				);
				PRODUCT_BUNDLE_IDENTIFIER = govinddixit.todos;
				PRODUCT_NAME = "$(TARGET_NAME)";
				SWIFT_VERSION = 5.0;
				TARGETED_DEVICE_FAMILY = "1,2";
			};
			name = Release;
		};
		9BFD76382556623D0001D1C0 /* Debug */ = {
			isa = XCBuildConfiguration;
			buildSettings = {
				ALWAYS_EMBED_SWIFT_STANDARD_LIBRARIES = YES;
				BUNDLE_LOADER = "$(TEST_HOST)";
				CODE_SIGN_STYLE = Automatic;
				INFOPLIST_FILE = todosTests/Info.plist;
				IPHONEOS_DEPLOYMENT_TARGET = 14.0;
				LD_RUNPATH_SEARCH_PATHS = (
					"$(inherited)",
					"@executable_path/Frameworks",
					"@loader_path/Frameworks",
				);
				PRODUCT_BUNDLE_IDENTIFIER = govinddixit.todosTests;
				PRODUCT_NAME = "$(TARGET_NAME)";
				SWIFT_VERSION = 5.0;
				TARGETED_DEVICE_FAMILY = "1,2";
				TEST_HOST = "$(BUILT_PRODUCTS_DIR)/todos.app/todos";
			};
			name = Debug;
		};
		9BFD76392556623D0001D1C0 /* Release */ = {
			isa = XCBuildConfiguration;
			buildSettings = {
				ALWAYS_EMBED_SWIFT_STANDARD_LIBRARIES = YES;
				BUNDLE_LOADER = "$(TEST_HOST)";
				CODE_SIGN_STYLE = Automatic;
				INFOPLIST_FILE = todosTests/Info.plist;
				IPHONEOS_DEPLOYMENT_TARGET = 14.0;
				LD_RUNPATH_SEARCH_PATHS = (
					"$(inherited)",
					"@executable_path/Frameworks",
					"@loader_path/Frameworks",
				);
				PRODUCT_BUNDLE_IDENTIFIER = govinddixit.todosTests;
				PRODUCT_NAME = "$(TARGET_NAME)";
				SWIFT_VERSION = 5.0;
				TARGETED_DEVICE_FAMILY = "1,2";
				TEST_HOST = "$(BUILT_PRODUCTS_DIR)/todos.app/todos";
			};
			name = Release;
		};
		9BFD763B2556623D0001D1C0 /* Debug */ = {
			isa = XCBuildConfiguration;
			buildSettings = {
				ALWAYS_EMBED_SWIFT_STANDARD_LIBRARIES = YES;
				CODE_SIGN_STYLE = Automatic;
				INFOPLIST_FILE = todosUITests/Info.plist;
				LD_RUNPATH_SEARCH_PATHS = (
					"$(inherited)",
					"@executable_path/Frameworks",
					"@loader_path/Frameworks",
				);
				PRODUCT_BUNDLE_IDENTIFIER = govinddixit.todosUITests;
				PRODUCT_NAME = "$(TARGET_NAME)";
				SWIFT_VERSION = 5.0;
				TARGETED_DEVICE_FAMILY = "1,2";
				TEST_TARGET_NAME = todos;
			};
			name = Debug;
		};
		9BFD763C2556623D0001D1C0 /* Release */ = {
			isa = XCBuildConfiguration;
			buildSettings = {
				ALWAYS_EMBED_SWIFT_STANDARD_LIBRARIES = YES;
				CODE_SIGN_STYLE = Automatic;
				INFOPLIST_FILE = todosUITests/Info.plist;
				LD_RUNPATH_SEARCH_PATHS = (
					"$(inherited)",
					"@executable_path/Frameworks",
					"@loader_path/Frameworks",
				);
				PRODUCT_BUNDLE_IDENTIFIER = govinddixit.todosUITests;
				PRODUCT_NAME = "$(TARGET_NAME)";
				SWIFT_VERSION = 5.0;
				TARGETED_DEVICE_FAMILY = "1,2";
				TEST_TARGET_NAME = todos;
			};
			name = Release;
		};
/* End XCBuildConfiguration section */

/* Begin XCConfigurationList section */
		9BFD760A2556623B0001D1C0 /* Build configuration list for PBXProject "todos" */ = {
			isa = XCConfigurationList;
			buildConfigurations = (
				9BFD76322556623D0001D1C0 /* Debug */,
				9BFD76332556623D0001D1C0 /* Release */,
			);
			defaultConfigurationIsVisible = 0;
			defaultConfigurationName = Release;
		};
		9BFD76342556623D0001D1C0 /* Build configuration list for PBXNativeTarget "todos" */ = {
			isa = XCConfigurationList;
			buildConfigurations = (
				9BFD76352556623D0001D1C0 /* Debug */,
				9BFD76362556623D0001D1C0 /* Release */,
			);
			defaultConfigurationIsVisible = 0;
			defaultConfigurationName = Release;
		};
		9BFD76372556623D0001D1C0 /* Build configuration list for PBXNativeTarget "todosTests" */ = {
			isa = XCConfigurationList;
			buildConfigurations = (
				9BFD76382556623D0001D1C0 /* Debug */,
				9BFD76392556623D0001D1C0 /* Release */,
			);
			defaultConfigurationIsVisible = 0;
			defaultConfigurationName = Release;
		};
		9BFD763A2556623D0001D1C0 /* Build configuration list for PBXNativeTarget "todosUITests" */ = {
			isa = XCConfigurationList;
			buildConfigurations = (
				9BFD763B2556623D0001D1C0 /* Debug */,
				9BFD763C2556623D0001D1C0 /* Release */,
			);
			defaultConfigurationIsVisible = 0;
			defaultConfigurationName = Release;
		};
/* End XCConfigurationList section */
	};
	rootObject = 9BFD76072556623B0001D1C0 /* Project object */;
}
